
Microsoft Visual Studio Solution File, Format Version 12.00
# Visual Studio Version 16
VisualStudioVersion = 16.0.29424.173
MinimumVisualStudioVersion = 10.0.40219.1
Project("{8BC9CEB8-8B4A-11D0-8D11-00A0C91BC942}") = "CesarCipher", "CesarCipher\CesarCipher.vcxproj", "{E5207467-3186-47FC-A227-A1B03E6F49ED}"
EndProject
Global
	GlobalSection(SolutionConfigurationPlatforms) = preSolution
		Debug|x64 = Debug|x64
		Debug|x86 = Debug|x86
		Release|x64 = Release|x64
		Release|x86 = Release|x86
	EndGlobalSection
	GlobalSection(ProjectConfigurationPlatforms) = postSolution
		{E5207467-3186-47FC-A227-A1B03E6F49ED}.Debug|x64.ActiveCfg = Debug|x64
		{E5207467-3186-47FC-A227-A1B03E6F49ED}.Debug|x64.Build.0 = Debug|x64
		{E5207467-3186-47FC-A227-A1B03E6F49ED}.Debug|x86.ActiveCfg = Debug|Win32
		{E5207467-3186-47FC-A227-A1B03E6F49ED}.Debug|x86.Build.0 = Debug|Win32
		{E5207467-3186-47FC-A227-A1B03E6F49ED}.Release|x64.ActiveCfg = Release|x64
		{E5207467-3186-47FC-A227-A1B03E6F49ED}.Release|x64.Build.0 = Release|x64
		{E5207467-3186-47FC-A227-A1B03E6F49ED}.Release|x86.ActiveCfg = Release|Win32
		{E5207467-3186-47FC-A227-A1B03E6F49ED}.Release|x86.Build.0 = Release|Win32
	EndGlobalSection
	GlobalSection(SolutionProperties) = preSolution
		HideSolutionNode = FALSE
	EndGlobalSection
	GlobalSection(ExtensibilityGlobals) = postSolution
		SolutionGuid = {C1A599BE-71F6-4155-9151-EDC86BDC1CDD}
	EndGlobalSection
EndGlobal
